// !$*UTF8*$!
{
	archiveVersion = 1;
	classes = {
	};
	objectVersion = 46;
	objects = {

/* Begin PBXBuildFile section */
		C244C0591F5E4C370071F014 /* CountdownView.swift in Sources */ = {isa = PBXBuildFile; fileRef = C244C0581F5E4C370071F014 /* CountdownView.swift */; };
		C2A527BE1F4FB46D0053837F /* AppDelegate.swift in Sources */ = {isa = PBXBuildFile; fileRef = C2A527BD1F4FB46D0053837F /* AppDelegate.swift */; };
		C2A527C01F4FB46D0053837F /* ViewController.swift in Sources */ = {isa = PBXBuildFile; fileRef = C2A527BF1F4FB46D0053837F /* ViewController.swift */; };
		C2A527C31F4FB46D0053837F /* Main.storyboard in Resources */ = {isa = PBXBuildFile; fileRef = C2A527C11F4FB46D0053837F /* Main.storyboard */; };
		C2A527C51F4FB46D0053837F /* Assets.xcassets in Resources */ = {isa = PBXBuildFile; fileRef = C2A527C41F4FB46D0053837F /* Assets.xcassets */; };
		C2A527C81F4FB46D0053837F /* LaunchScreen.storyboard in Resources */ = {isa = PBXBuildFile; fileRef = C2A527C61F4FB46D0053837F /* LaunchScreen.storyboard */; };
		C2A527D31F4FB46E0053837F /* CountdownModuleTests.swift in Sources */ = {isa = PBXBuildFile; fileRef = C2A527D21F4FB46E0053837F /* CountdownModuleTests.swift */; };
		C2A527DE1F4FB46E0053837F /* CountdownModuleUITests.swift in Sources */ = {isa = PBXBuildFile; fileRef = C2A527DD1F4FB46E0053837F /* CountdownModuleUITests.swift */; };
/* End PBXBuildFile section */

/* Begin PBXContainerItemProxy section */
		C2A527CF1F4FB46E0053837F /* PBXContainerItemProxy */ = {
			isa = PBXContainerItemProxy;
			containerPortal = C2A527B21F4FB46D0053837F /* Project object */;
			proxyType = 1;
			remoteGlobalIDString = C2A527B91F4FB46D0053837F;
			remoteInfo = CountdownModule;
		};
		C2A527DA1F4FB46E0053837F /* PBXContainerItemProxy */ = {
			isa = PBXContainerItemProxy;
			containerPortal = C2A527B21F4FB46D0053837F /* Project object */;
			proxyType = 1;
			remoteGlobalIDString = C2A527B91F4FB46D0053837F;
			remoteInfo = CountdownModule;
		};
/* End PBXContainerItemProxy section */

/* Begin PBXFileReference section */
		C244C0581F5E4C370071F014 /* CountdownView.swift */ = {isa = PBXFileReference; fileEncoding = 4; lastKnownFileType = sourcecode.swift; path = CountdownView.swift; sourceTree = "<group>"; };
		C2A527BA1F4FB46D0053837F /* CountdownModule.app */ = {isa = PBXFileReference; explicitFileType = wrapper.application; includeInIndex = 0; path = CountdownModule.app; sourceTree = BUILT_PRODUCTS_DIR; };
		C2A527BD1F4FB46D0053837F /* AppDelegate.swift */ = {isa = PBXFileReference; lastKnownFileType = sourcecode.swift; path = AppDelegate.swift; sourceTree = "<group>"; };
		C2A527BF1F4FB46D0053837F /* ViewController.swift */ = {isa = PBXFileReference; lastKnownFileType = sourcecode.swift; path = ViewController.swift; sourceTree = "<group>"; };
		C2A527C21F4FB46D0053837F /* Base */ = {isa = PBXFileReference; lastKnownFileType = file.storyboard; name = Base; path = Base.lproj/Main.storyboard; sourceTree = "<group>"; };
		C2A527C41F4FB46D0053837F /* Assets.xcassets */ = {isa = PBXFileReference; lastKnownFileType = folder.assetcatalog; path = Assets.xcassets; sourceTree = "<group>"; };
		C2A527C71F4FB46D0053837F /* Base */ = {isa = PBXFileReference; lastKnownFileType = file.storyboard; name = Base; path = Base.lproj/LaunchScreen.storyboard; sourceTree = "<group>"; };
		C2A527C91F4FB46D0053837F /* Info.plist */ = {isa = PBXFileReference; lastKnownFileType = text.plist.xml; path = Info.plist; sourceTree = "<group>"; };
		C2A527CE1F4FB46E0053837F /* CountdownModuleTests.xctest */ = {isa = PBXFileReference; explicitFileType = wrapper.cfbundle; includeInIndex = 0; path = CountdownModuleTests.xctest; sourceTree = BUILT_PRODUCTS_DIR; };
		C2A527D21F4FB46E0053837F /* CountdownModuleTests.swift */ = {isa = PBXFileReference; lastKnownFileType = sourcecode.swift; path = CountdownModuleTests.swift; sourceTree = "<group>"; };
		C2A527D41F4FB46E0053837F /* Info.plist */ = {isa = PBXFileReference; lastKnownFileType = text.plist.xml; path = Info.plist; sourceTree = "<group>"; };
		C2A527D91F4FB46E0053837F /* CountdownModuleUITests.xctest */ = {isa = PBXFileReference; explicitFileType = wrapper.cfbundle; includeInIndex = 0; path = CountdownModuleUITests.xctest; sourceTree = BUILT_PRODUCTS_DIR; };
		C2A527DD1F4FB46E0053837F /* CountdownModuleUITests.swift */ = {isa = PBXFileReference; lastKnownFileType = sourcecode.swift; path = CountdownModuleUITests.swift; sourceTree = "<group>"; };
		C2A527DF1F4FB46E0053837F /* Info.plist */ = {isa = PBXFileReference; lastKnownFileType = text.plist.xml; path = Info.plist; sourceTree = "<group>"; };
/* End PBXFileReference section */

/* Begin PBXFrameworksBuildPhase section */
		C2A527B71F4FB46D0053837F /* Frameworks */ = {
			isa = PBXFrameworksBuildPhase;
			buildActionMask = 2147483647;
			files = (
			);
			runOnlyForDeploymentPostprocessing = 0;
		};
		C2A527CB1F4FB46E0053837F /* Frameworks */ = {
			isa = PBXFrameworksBuildPhase;
			buildActionMask = 2147483647;
			files = (
			);
			runOnlyForDeploymentPostprocessing = 0;
		};
		C2A527D61F4FB46E0053837F /* Frameworks */ = {
			isa = PBXFrameworksBuildPhase;
			buildActionMask = 2147483647;
			files = (
			);
			runOnlyForDeploymentPostprocessing = 0;
		};
/* End PBXFrameworksBuildPhase section */

/* Begin PBXGroup section */
		C2A527B11F4FB46D0053837F = {
			isa = PBXGroup;
			children = (
				C2A527BC1F4FB46D0053837F /* CountdownModule */,
				C2A527D11F4FB46E0053837F /* CountdownModuleTests */,
				C2A527DC1F4FB46E0053837F /* CountdownModuleUITests */,
				C2A527BB1F4FB46D0053837F /* Products */,
			);
			sourceTree = "<group>";
		};
		C2A527BB1F4FB46D0053837F /* Products */ = {
			isa = PBXGroup;
			children = (
				C2A527BA1F4FB46D0053837F /* CountdownModule.app */,
				C2A527CE1F4FB46E0053837F /* CountdownModuleTests.xctest */,
				C2A527D91F4FB46E0053837F /* CountdownModuleUITests.xctest */,
			);
			name = Products;
			sourceTree = "<group>";
		};
		C2A527BC1F4FB46D0053837F /* CountdownModule */ = {
			isa = PBXGroup;
			children = (
				C2A527BD1F4FB46D0053837F /* AppDelegate.swift */,
				C2A527BF1F4FB46D0053837F /* ViewController.swift */,
				C244C0581F5E4C370071F014 /* CountdownView.swift */,
				C2A527C11F4FB46D0053837F /* Main.storyboard */,
				C2A527C41F4FB46D0053837F /* Assets.xcassets */,
				C2A527C61F4FB46D0053837F /* LaunchScreen.storyboard */,
				C2A527C91F4FB46D0053837F /* Info.plist */,
			);
			path = CountdownModule;
			sourceTree = "<group>";
		};
		C2A527D11F4FB46E0053837F /* CountdownModuleTests */ = {
			isa = PBXGroup;
			children = (
				C2A527D21F4FB46E0053837F /* CountdownModuleTests.swift */,
				C2A527D41F4FB46E0053837F /* Info.plist */,
			);
			path = CountdownModuleTests;
			sourceTree = "<group>";
		};
		C2A527DC1F4FB46E0053837F /* CountdownModuleUITests */ = {
			isa = PBXGroup;
			children = (
				C2A527DD1F4FB46E0053837F /* CountdownModuleUITests.swift */,
				C2A527DF1F4FB46E0053837F /* Info.plist */,
			);
			path = CountdownModuleUITests;
			sourceTree = "<group>";
		};
/* End PBXGroup section */

/* Begin PBXNativeTarget section */
		C2A527B91F4FB46D0053837F /* CountdownModule */ = {
			isa = PBXNativeTarget;
			buildConfigurationList = C2A527E21F4FB46E0053837F /* Build configuration list for PBXNativeTarget "CountdownModule" */;
			buildPhases = (
				C2A527B61F4FB46D0053837F /* Sources */,
				C2A527B71F4FB46D0053837F /* Frameworks */,
				C2A527B81F4FB46D0053837F /* Resources */,
			);
			buildRules = (
			);
			dependencies = (
			);
			name = CountdownModule;
			productName = CountdownModule;
			productReference = C2A527BA1F4FB46D0053837F /* CountdownModule.app */;
			productType = "com.apple.product-type.application";
		};
		C2A527CD1F4FB46E0053837F /* CountdownModuleTests */ = {
			isa = PBXNativeTarget;
			buildConfigurationList = C2A527E51F4FB46E0053837F /* Build configuration list for PBXNativeTarget "CountdownModuleTests" */;
			buildPhases = (
				C2A527CA1F4FB46E0053837F /* Sources */,
				C2A527CB1F4FB46E0053837F /* Frameworks */,
				C2A527CC1F4FB46E0053837F /* Resources */,
			);
			buildRules = (
			);
			dependencies = (
				C2A527D01F4FB46E0053837F /* PBXTargetDependency */,
			);
			name = CountdownModuleTests;
			productName = CountdownModuleTests;
			productReference = C2A527CE1F4FB46E0053837F /* CountdownModuleTests.xctest */;
			productType = "com.apple.product-type.bundle.unit-test";
		};
		C2A527D81F4FB46E0053837F /* CountdownModuleUITests */ = {
			isa = PBXNativeTarget;
			buildConfigurationList = C2A527E81F4FB46E0053837F /* Build configuration list for PBXNativeTarget "CountdownModuleUITests" */;
			buildPhases = (
				C2A527D51F4FB46E0053837F /* Sources */,
				C2A527D61F4FB46E0053837F /* Frameworks */,
				C2A527D71F4FB46E0053837F /* Resources */,
			);
			buildRules = (
			);
			dependencies = (
				C2A527DB1F4FB46E0053837F /* PBXTargetDependency */,
			);
			name = CountdownModuleUITests;
			productName = CountdownModuleUITests;
			productReference = C2A527D91F4FB46E0053837F /* CountdownModuleUITests.xctest */;
			productType = "com.apple.product-type.bundle.ui-testing";
		};
/* End PBXNativeTarget section */

/* Begin PBXProject section */
		C2A527B21F4FB46D0053837F /* Project object */ = {
			isa = PBXProject;
			attributes = {
				LastSwiftUpdateCheck = 0830;
				LastUpgradeCheck = 0830;
				ORGANIZATIONNAME = UEZ;
				TargetAttributes = {
					C2A527B91F4FB46D0053837F = {
						CreatedOnToolsVersion = 8.3.3;
						DevelopmentTeam = VB96A47ZJW;
						ProvisioningStyle = Automatic;
					};
					C2A527CD1F4FB46E0053837F = {
						CreatedOnToolsVersion = 8.3.3;
						DevelopmentTeam = VB96A47ZJW;
						ProvisioningStyle = Automatic;
						TestTargetID = C2A527B91F4FB46D0053837F;
					};
					C2A527D81F4FB46E0053837F = {
						CreatedOnToolsVersion = 8.3.3;
						DevelopmentTeam = VB96A47ZJW;
						ProvisioningStyle = Automatic;
						TestTargetID = C2A527B91F4FB46D0053837F;
					};
				};
			};
			buildConfigurationList = C2A527B51F4FB46D0053837F /* Build configuration list for PBXProject "CountdownModule" */;
			compatibilityVersion = "Xcode 3.2";
			developmentRegion = English;
			hasScannedForEncodings = 0;
			knownRegions = (
				en,
				Base,
			);
			mainGroup = C2A527B11F4FB46D0053837F;
			productRefGroup = C2A527BB1F4FB46D0053837F /* Products */;
			projectDirPath = "";
			projectRoot = "";
			targets = (
				C2A527B91F4FB46D0053837F /* CountdownModule */,
				C2A527CD1F4FB46E0053837F /* CountdownModuleTests */,
				C2A527D81F4FB46E0053837F /* CountdownModuleUITests */,
			);
		};
/* End PBXProject section */

/* Begin PBXResourcesBuildPhase section */
		C2A527B81F4FB46D0053837F /* Resources */ = {
			isa = PBXResourcesBuildPhase;
			buildActionMask = 2147483647;
			files = (
				C2A527C81F4FB46D0053837F /* LaunchScreen.storyboard in Resources */,
				C2A527C51F4FB46D0053837F /* Assets.xcassets in Resources */,
				C2A527C31F4FB46D0053837F /* Main.storyboard in Resources */,
			);
			runOnlyForDeploymentPostprocessing = 0;
		};
		C2A527CC1F4FB46E0053837F /* Resources */ = {
			isa = PBXResourcesBuildPhase;
			buildActionMask = 2147483647;
			files = (
			);
			runOnlyForDeploymentPostprocessing = 0;
		};
		C2A527D71F4FB46E0053837F /* Resources */ = {
			isa = PBXResourcesBuildPhase;
			buildActionMask = 2147483647;
			files = (
			);
			runOnlyForDeploymentPostprocessing = 0;
		};
/* End PBXResourcesBuildPhase section */

/* Begin PBXSourcesBuildPhase section */
		C2A527B61F4FB46D0053837F /* Sources */ = {
			isa = PBXSourcesBuildPhase;
			buildActionMask = 2147483647;
			files = (
				C244C0591F5E4C370071F014 /* CountdownView.swift in Sources */,
				C2A527C01F4FB46D0053837F /* ViewController.swift in Sources */,
				C2A527BE1F4FB46D0053837F /* AppDelegate.swift in Sources */,
			);
			runOnlyForDeploymentPostprocessing = 0;
		};
		C2A527CA1F4FB46E0053837F /* Sources */ = {
			isa = PBXSourcesBuildPhase;
			buildActionMask = 2147483647;
			files = (
				C2A527D31F4FB46E0053837F /* CountdownModuleTests.swift in Sources */,
			);
			runOnlyForDeploymentPostprocessing = 0;
		};
		C2A527D51F4FB46E0053837F /* Sources */ = {
			isa = PBXSourcesBuildPhase;
			buildActionMask = 2147483647;
			files = (
				C2A527DE1F4FB46E0053837F /* CountdownModuleUITests.swift in Sources */,
			);
			runOnlyForDeploymentPostprocessing = 0;
		};
/* End PBXSourcesBuildPhase section */

/* Begin PBXTargetDependency section */
		C2A527D01F4FB46E0053837F /* PBXTargetDependency */ = {
			isa = PBXTargetDependency;
			target = C2A527B91F4FB46D0053837F /* CountdownModule */;
			targetProxy = C2A527CF1F4FB46E0053837F /* PBXContainerItemProxy */;
		};
		C2A527DB1F4FB46E0053837F /* PBXTargetDependency */ = {
			isa = PBXTargetDependency;
			target = C2A527B91F4FB46D0053837F /* CountdownModule */;
			targetProxy = C2A527DA1F4FB46E0053837F /* PBXContainerItemProxy */;
		};
/* End PBXTargetDependency section */

/* Begin PBXVariantGroup section */
		C2A527C11F4FB46D0053837F /* Main.storyboard */ = {
			isa = PBXVariantGroup;
			children = (
				C2A527C21F4FB46D0053837F /* Base */,
			);
			name = Main.storyboard;
			sourceTree = "<group>";
		};
		C2A527C61F4FB46D0053837F /* LaunchScreen.storyboard */ = {
			isa = PBXVariantGroup;
			children = (
				C2A527C71F4FB46D0053837F /* Base */,
			);
			name = LaunchScreen.storyboard;
			sourceTree = "<group>";
		};
/* End PBXVariantGroup section */

/* Begin XCBuildConfiguration section */
		C2A527E01F4FB46E0053837F /* Debug */ = {
			isa = XCBuildConfiguration;
			buildSettings = {
				ALWAYS_SEARCH_USER_PATHS = NO;
				CLANG_ANALYZER_NONNULL = YES;
				CLANG_ANALYZER_NUMBER_OBJECT_CONVERSION = YES_AGGRESSIVE;
				CLANG_CXX_LANGUAGE_STANDARD = "gnu++0x";
				CLANG_CXX_LIBRARY = "libc++";
				CLANG_ENABLE_MODULES = YES;
				CLANG_ENABLE_OBJC_ARC = YES;
				CLANG_WARN_BOOL_CONVERSION = YES;
				CLANG_WARN_CONSTANT_CONVERSION = YES;
				CLANG_WARN_DIRECT_OBJC_ISA_USAGE = YES_ERROR;
				CLANG_WARN_DOCUMENTATION_COMMENTS = YES;
				CLANG_WARN_EMPTY_BODY = YES;
				CLANG_WARN_ENUM_CONVERSION = YES;
				CLANG_WARN_INFINITE_RECURSION = YES;
				CLANG_WARN_INT_CONVERSION = YES;
				CLANG_WARN_OBJC_ROOT_CLASS = YES_ERROR;
				CLANG_WARN_SUSPICIOUS_MOVE = YES;
				CLANG_WARN_UNREACHABLE_CODE = YES;
				CLANG_WARN__DUPLICATE_METHOD_MATCH = YES;
				"CODE_SIGN_IDENTITY[sdk=iphoneos*]" = "iPhone Developer";
				COPY_PHASE_STRIP = NO;
				DEBUG_INFORMATION_FORMAT = dwarf;
				ENABLE_STRICT_OBJC_MSGSEND = YES;
				ENABLE_TESTABILITY = YES;
				GCC_C_LANGUAGE_STANDARD = gnu99;
				GCC_DYNAMIC_NO_PIC = NO;
				GCC_NO_COMMON_BLOCKS = YES;
				GCC_OPTIMIZATION_LEVEL = 0;
				GCC_PREPROCESSOR_DEFINITIONS = (
					"DEBUG=1",
					"$(inherited)",
				);
				GCC_WARN_64_TO_32_BIT_CONVERSION = YES;
				GCC_WARN_ABOUT_RETURN_TYPE = YES_ERROR;
				GCC_WARN_UNDECLARED_SELECTOR = YES;
				GCC_WARN_UNINITIALIZED_AUTOS = YES_AGGRESSIVE;
				GCC_WARN_UNUSED_FUNCTION = YES;
				GCC_WARN_UNUSED_VARIABLE = YES;
				IPHONEOS_DEPLOYMENT_TARGET = 10.3;
				MTL_ENABLE_DEBUG_INFO = YES;
				ONLY_ACTIVE_ARCH = YES;
				SDKROOT = iphoneos;
				SWIFT_ACTIVE_COMPILATION_CONDITIONS = DEBUG;
				SWIFT_OPTIMIZATION_LEVEL = "-Onone";
			};
			name = Debug;
		};
		C2A527E11F4FB46E0053837F /* Release */ = {
			isa = XCBuildConfiguration;
			buildSettings = {
				ALWAYS_SEARCH_USER_PATHS = NO;
				CLANG_ANALYZER_NONNULL = YES;
				CLANG_ANALYZER_NUMBER_OBJECT_CONVERSION = YES_AGGRESSIVE;
				CLANG_CXX_LANGUAGE_STANDARD = "gnu++0x";
				CLANG_CXX_LIBRARY = "libc++";
				CLANG_ENABLE_MODULES = YES;
				CLANG_ENABLE_OBJC_ARC = YES;
				CLANG_WARN_BOOL_CONVERSION = YES;
				CLANG_WARN_CONSTANT_CONVERSION = YES;
				CLANG_WARN_DIRECT_OBJC_ISA_USAGE = YES_ERROR;
				CLANG_WARN_DOCUMENTATION_COMMENTS = YES;
				CLANG_WARN_EMPTY_BODY = YES;
				CLANG_WARN_ENUM_CONVERSION = YES;
				CLANG_WARN_INFINITE_RECURSION = YES;
				CLANG_WARN_INT_CONVERSION = YES;
				CLANG_WARN_OBJC_ROOT_CLASS = YES_ERROR;
				CLANG_WARN_SUSPICIOUS_MOVE = YES;
				CLANG_WARN_UNREACHABLE_CODE = YES;
				CLANG_WARN__DUPLICATE_METHOD_MATCH = YES;
				"CODE_SIGN_IDENTITY[sdk=iphoneos*]" = "iPhone Developer";
				COPY_PHASE_STRIP = NO;
				DEBUG_INFORMATION_FORMAT = "dwarf-with-dsym";
				ENABLE_NS_ASSERTIONS = NO;
				ENABLE_STRICT_OBJC_MSGSEND = YES;
				GCC_C_LANGUAGE_STANDARD = gnu99;
				GCC_NO_COMMON_BLOCKS = YES;
				GCC_WARN_64_TO_32_BIT_CONVERSION = YES;
				GCC_WARN_ABOUT_RETURN_TYPE = YES_ERROR;
				GCC_WARN_UNDECLARED_SELECTOR = YES;
				GCC_WARN_UNINITIALIZED_AUTOS = YES_AGGRESSIVE;
				GCC_WARN_UNUSED_FUNCTION = YES;
				GCC_WARN_UNUSED_VARIABLE = YES;
				IPHONEOS_DEPLOYMENT_TARGET = 10.3;
				MTL_ENABLE_DEBUG_INFO = NO;
				SDKROOT = iphoneos;
				SWIFT_OPTIMIZATION_LEVEL = "-Owholemodule";
				VALIDATE_PRODUCT = YES;
			};
			name = Release;
		};
		C2A527E31F4FB46E0053837F /* Debug */ = {
			isa = XCBuildConfiguration;
			buildSettings = {
				ASSETCATALOG_COMPILER_APPICON_NAME = AppIcon;
				DEVELOPMENT_TEAM = VB96A47ZJW;
				INFOPLIST_FILE = CountdownModule/Info.plist;
				LD_RUNPATH_SEARCH_PATHS = "$(inherited) @executable_path/Frameworks";
				PRODUCT_BUNDLE_IDENTIFIER = "com.-WinStarScan.cn.CountdownModule";
				PRODUCT_NAME = "$(TARGET_NAME)";
				SWIFT_VERSION = 3.0;
			};
			name = Debug;
		};
		C2A527E41F4FB46E0053837F /* Release */ = {
			isa = XCBuildConfiguration;
			buildSettings = {
				ASSETCATALOG_COMPILER_APPICON_NAME = AppIcon;
				DEVELOPMENT_TEAM = VB96A47ZJW;
				INFOPLIST_FILE = CountdownModule/Info.plist;
				LD_RUNPATH_SEARCH_PATHS = "$(inherited) @executable_path/Frameworks";
				PRODUCT_BUNDLE_IDENTIFIER = "com.-WinStarScan.cn.CountdownModule";
				PRODUCT_NAME = "$(TARGET_NAME)";
				SWIFT_VERSION = 3.0;
			};
			name = Release;
		};
		C2A527E61F4FB46E0053837F /* Debug */ = {
			isa = XCBuildConfiguration;
			buildSettings = {
				ALWAYS_EMBED_SWIFT_STANDARD_LIBRARIES = YES;
				BUNDLE_LOADER = "$(TEST_HOST)";
				DEVELOPMENT_TEAM = VB96A47ZJW;
				INFOPLIST_FILE = CountdownModuleTests/Info.plist;
				LD_RUNPATH_SEARCH_PATHS = "$(inherited) @executable_path/Frameworks @loader_path/Frameworks";
				PRODUCT_BUNDLE_IDENTIFIER = "com.-WinStarScan.cn.CountdownModuleTests";
				PRODUCT_NAME = "$(TARGET_NAME)";
				SWIFT_VERSION = 3.0;
				TEST_HOST = "$(BUILT_PRODUCTS_DIR)/CountdownModule.app/CountdownModule";
			};
			name = Debug;
		};
		C2A527E71F4FB46E0053837F /* Release */ = {
			isa = XCBuildConfiguration;
			buildSettings = {
				ALWAYS_EMBED_SWIFT_STANDARD_LIBRARIES = YES;
				BUNDLE_LOADER = "$(TEST_HOST)";
				DEVELOPMENT_TEAM = VB96A47ZJW;
				INFOPLIST_FILE = CountdownModuleTests/Info.plist;
				LD_RUNPATH_SEARCH_PATHS = "$(inherited) @executable_path/Frameworks @loader_path/Frameworks";
				PRODUCT_BUNDLE_IDENTIFIER = "com.-WinStarScan.cn.CountdownModuleTests";
				PRODUCT_NAME = "$(TARGET_NAME)";
				SWIFT_VERSION = 3.0;
				TEST_HOST = "$(BUILT_PRODUCTS_DIR)/CountdownModule.app/CountdownModule";
			};
			name = Release;
		};
		C2A527E91F4FB46E0053837F /* Debug */ = {
			isa = XCBuildConfiguration;
			buildSettings = {
				ALWAYS_EMBED_SWIFT_STANDARD_LIBRARIES = YES;
				DEVELOPMENT_TEAM = VB96A47ZJW;
				INFOPLIST_FILE = CountdownModuleUITests/Info.plist;
				LD_RUNPATH_SEARCH_PATHS = "$(inherited) @executable_path/Frameworks @loader_path/Frameworks";
				PRODUCT_BUNDLE_IDENTIFIER = "com.-WinStarScan.cn.CountdownModuleUITests";
				PRODUCT_NAME = "$(TARGET_NAME)";
				SWIFT_VERSION = 3.0;
				TEST_TARGET_NAME = CountdownModule;
			};
			name = Debug;
		};
		C2A527EA1F4FB46E0053837F /* Release */ = {
			isa = XCBuildConfiguration;
			buildSettings = {
				ALWAYS_EMBED_SWIFT_STANDARD_LIBRARIES = YES;
				DEVELOPMENT_TEAM = VB96A47ZJW;
				INFOPLIST_FILE = CountdownModuleUITests/Info.plist;
				LD_RUNPATH_SEARCH_PATHS = "$(inherited) @executable_path/Frameworks @loader_path/Frameworks";
				PRODUCT_BUNDLE_IDENTIFIER = "com.-WinStarScan.cn.CountdownModuleUITests";
				PRODUCT_NAME = "$(TARGET_NAME)";
				SWIFT_VERSION = 3.0;
				TEST_TARGET_NAME = CountdownModule;
			};
			name = Release;
		};
/* End XCBuildConfiguration section */

/* Begin XCConfigurationList section */
		C2A527B51F4FB46D0053837F /* Build configuration list for PBXProject "CountdownModule" */ = {
			isa = XCConfigurationList;
			buildConfigurations = (
				C2A527E01F4FB46E0053837F /* Debug */,
				C2A527E11F4FB46E0053837F /* Release */,
			);
			defaultConfigurationIsVisible = 0;
			defaultConfigurationName = Release;
		};
		C2A527E21F4FB46E0053837F /* Build configuration list for PBXNativeTarget "CountdownModule" */ = {
			isa = XCConfigurationList;
			buildConfigurations = (
				C2A527E31F4FB46E0053837F /* Debug */,
				C2A527E41F4FB46E0053837F /* Release */,
			);
			defaultConfigurationIsVisible = 0;
			defaultConfigurationName = Release;
		};
		C2A527E51F4FB46E0053837F /* Build configuration list for PBXNativeTarget "CountdownModuleTests" */ = {
			isa = XCConfigurationList;
			buildConfigurations = (
				C2A527E61F4FB46E0053837F /* Debug */,
				C2A527E71F4FB46E0053837F /* Release */,
			);
			defaultConfigurationIsVisible = 0;
			defaultConfigurationName = Release;
		};
		C2A527E81F4FB46E0053837F /* Build configuration list for PBXNativeTarget "CountdownModuleUITests" */ = {
			isa = XCConfigurationList;
			buildConfigurations = (
				C2A527E91F4FB46E0053837F /* Debug */,
				C2A527EA1F4FB46E0053837F /* Release */,
			);
			defaultConfigurationIsVisible = 0;
			defaultConfigurationName = Release;
		};
/* End XCConfigurationList section */
	};
	rootObject = C2A527B21F4FB46D0053837F /* Project object */;
}
